
Microsoft Visual Studio Solution File, Format Version 12.00
# Visual Studio Version 17
VisualStudioVersion = 17.3.32819.101
MinimumVisualStudioVersion = 10.0.40219.1
Project("{9A19103F-16F7-4668-BE54-9A1E7A4F7556}") = "LuftbornTestApplication", "LuftbornTestApplication\LuftbornTestApplication.csproj", "{0608206A-65A6-4DD6-92AB-E19C04F25B5A}"
EndProject
Project("{9A19103F-16F7-4668-BE54-9A1E7A4F7556}") = "LuftbornTestApplication.Data", "LuftbornTestApplication.Data\LuftbornTestApplication.Data.csproj", "{009A430F-26EF-4D92-9C5B-3A321ABF4D15}"
EndProject
Project("{9A19103F-16F7-4668-BE54-9A1E7A4F7556}") = "LuftbornTestApplication.Repositories", "LuftbornTestApplication.GeneralRepository\LuftbornTestApplication.Repositories.csproj", "{F57044A9-78FC-466C-AA9D-6389D993CB82}"
EndProject
Project("{9A19103F-16F7-4668-BE54-9A1E7A4F7556}") = "LuftbornTestApplication.UOW", "LuftbornTestApplication.Logic\LuftbornTestApplication.UOW.csproj", "{47B9133F-05CB-4B63-B753-86ED2122F485}"
EndProject
Project("{9A19103F-16F7-4668-BE54-9A1E7A4F7556}") = "LuftbornTestApplication.Services", "LuftbornTestApplication.Services\LuftbornTestApplication.Services.csproj", "{22492AF2-4260-4137-89A0-733F81E7D17D}"
EndProject
Global
	GlobalSection(SolutionConfigurationPlatforms) = preSolution
		Debug|Any CPU = Debug|Any CPU
		Release|Any CPU = Release|Any CPU
	EndGlobalSection
	GlobalSection(ProjectConfigurationPlatforms) = postSolution
		{0608206A-65A6-4DD6-92AB-E19C04F25B5A}.Debug|Any CPU.ActiveCfg = Debug|Any CPU
		{0608206A-65A6-4DD6-92AB-E19C04F25B5A}.Debug|Any CPU.Build.0 = Debug|Any CPU
		{0608206A-65A6-4DD6-92AB-E19C04F25B5A}.Release|Any CPU.ActiveCfg = Release|Any CPU
		{0608206A-65A6-4DD6-92AB-E19C04F25B5A}.Release|Any CPU.Build.0 = Release|Any CPU
		{009A430F-26EF-4D92-9C5B-3A321ABF4D15}.Debug|Any CPU.ActiveCfg = Debug|Any CPU
		{009A430F-26EF-4D92-9C5B-3A321ABF4D15}.Debug|Any CPU.Build.0 = Debug|Any CPU
		{009A430F-26EF-4D92-9C5B-3A321ABF4D15}.Release|Any CPU.ActiveCfg = Release|Any CPU
		{009A430F-26EF-4D92-9C5B-3A321ABF4D15}.Release|Any CPU.Build.0 = Release|Any CPU
		{F57044A9-78FC-466C-AA9D-6389D993CB82}.Debug|Any CPU.ActiveCfg = Debug|Any CPU
		{F57044A9-78FC-466C-AA9D-6389D993CB82}.Debug|Any CPU.Build.0 = Debug|Any CPU
		{F57044A9-78FC-466C-AA9D-6389D993CB82}.Release|Any CPU.ActiveCfg = Release|Any CPU
		{F57044A9-78FC-466C-AA9D-6389D993CB82}.Release|Any CPU.Build.0 = Release|Any CPU
		{47B9133F-05CB-4B63-B753-86ED2122F485}.Debug|Any CPU.ActiveCfg = Debug|Any CPU
		{47B9133F-05CB-4B63-B753-86ED2122F485}.Debug|Any CPU.Build.0 = Debug|Any CPU
		{47B9133F-05CB-4B63-B753-86ED2122F485}.Release|Any CPU.ActiveCfg = Release|Any CPU
		{47B9133F-05CB-4B63-B753-86ED2122F485}.Release|Any CPU.Build.0 = Release|Any CPU
		{22492AF2-4260-4137-89A0-733F81E7D17D}.Debug|Any CPU.ActiveCfg = Debug|Any CPU
		{22492AF2-4260-4137-89A0-733F81E7D17D}.Debug|Any CPU.Build.0 = Debug|Any CPU
		{22492AF2-4260-4137-89A0-733F81E7D17D}.Release|Any CPU.ActiveCfg = Release|Any CPU
		{22492AF2-4260-4137-89A0-733F81E7D17D}.Release|Any CPU.Build.0 = Release|Any CPU
	EndGlobalSection
	GlobalSection(SolutionProperties) = preSolution
		HideSolutionNode = FALSE
	EndGlobalSection
	GlobalSection(ExtensibilityGlobals) = postSolution
		SolutionGuid = {22F764C1-D6CC-4423-B630-DA20E2A6CA4B}
	EndGlobalSection
EndGlobal
